{
  "name": "aresrpg-world",
  "version": "1.0.0",
  "lockfileVersion": 1,
  "requires": true,
  "dependencies": {
    "spiralloop": {
      "version": "1.0.2",
      "resolved": "https://registry.npmjs.org/spiralloop/-/spiralloop-1.0.2.tgz",
      "integrity": "sha1-zExVZW0ep3HMex6+Z84DqlKZ9Nc="
    }
  }
}
